
Microsoft Visual Studio Solution File, Format Version 12.00
# Visual Studio Version 17
VisualStudioVersion = 17.3.32929.385
MinimumVisualStudioVersion = 10.0.40219.1
Project("{FAE04EC0-301F-11D3-BF4B-00C04F79EFBC}") = "Classe em CSharp", "Classe em CSharp.csproj", "{906DC8A3-6C52-401E-8363-BBFD77A18F65}"
EndProject
Global
	GlobalSection(SolutionConfigurationPlatforms) = preSolution
		Debug|Any CPU = Debug|Any CPU
		Release|Any CPU = Release|Any CPU
	EndGlobalSection
	GlobalSection(ProjectConfigurationPlatforms) = postSolution
		{906DC8A3-6C52-401E-8363-BBFD77A18F65}.Debug|Any CPU.ActiveCfg = Debug|Any CPU
		{906DC8A3-6C52-401E-8363-BBFD77A18F65}.Debug|Any CPU.Build.0 = Debug|Any CPU
		{906DC8A3-6C52-401E-8363-BBFD77A18F65}.Release|Any CPU.ActiveCfg = Release|Any CPU
		{906DC8A3-6C52-401E-8363-BBFD77A18F65}.Release|Any CPU.Build.0 = Release|Any CPU
	EndGlobalSection
	GlobalSection(SolutionProperties) = preSolution
		HideSolutionNode = FALSE
	EndGlobalSection
	GlobalSection(ExtensibilityGlobals) = postSolution
		SolutionGuid = {17D4C46C-38E8-410F-96A4-16309318BD46}
	EndGlobalSection
EndGlobal
